# THIS IS AN AUTOGENERATED FILE. DO NOT EDIT THIS FILE DIRECTLY.
# yarn lockfile v1


blueimp-md5@^2.10.0:
  version "2.10.0"
  resolved "https://registry.yarnpkg.com/blueimp-md5/-/blueimp-md5-2.10.0.tgz#02f0843921f90dca14f5b8920a38593201d6964d"
  integrity sha512-EkNUOi7tpV68TqjpiUz9D9NcT8um2+qtgntmMbi5UKssVX2m/2PLqotcric0RE63pB3HPN/fjf3cKHN2ufGSUQ==

esbuild@^0.7.15:
  version "0.7.15"
  resolved "https://registry.yarnpkg.com/esbuild/-/esbuild-0.7.15.tgz#b50fe68fa12f41f42afab1c49a2b4524de5b6431"
  integrity sha512-tgvd7miwyQVAzlDIcrs9vwoVEL33NmDRggTwKSkcdTj25BOfSWoIUuFXG4vvHRQTkJDk2uHJSi7bhBdPmMzodA==

leaflet-control-geocoder@^1.7.0:
  version "1.7.0"
  resolved "https://registry.yarnpkg.com/leaflet-control-geocoder/-/leaflet-control-geocoder-1.7.0.tgz#939a790c80ff85c5a308a56a3c4cab2147da2862"
  integrity sha512-AAdu+EdW7n0wfPIctRkpSrSFEekn7X8Iw/9xZQvfTw8NSMYcVOV5eC3nXK5tfaoHspaDEWTK4OQPhj3uXDLHAA==

leaflet-providers@^1.7.0:
  version "1.7.0"
  resolved "https://registry.yarnpkg.com/leaflet-providers/-/leaflet-providers-1.7.0.tgz#b462d6abba832b2e9f1cef6ca0ab3bf76a7ca9a9"
  integrity sha512-7gXQnILnnIGuPy8TFaSP2aACsaxdT+y2sFae4rqbK8vX9ZwTJ9+5CI5DcBB+r867PdmdRlz5rjG99yvyLWOJYg==

leaflet@^1.5.1:
  version "1.5.1"
  resolved "https://registry.yarnpkg.com/leaflet/-/leaflet-1.5.1.tgz#9afb9d963d66c870066b1342e7a06f92840f46bf"
  integrity sha512-ekM9KAeG99tYisNBg0IzEywAlp0hYI5XRipsqRXyRTeuU8jcuntilpp+eFf5gaE0xubc9RuSNIVtByEKwqFV0w==

wikimedia-commons-file-path@^1.2.0:
  version "1.2.0"
  resolved "https://registry.yarnpkg.com/wikimedia-commons-file-path/-/wikimedia-commons-file-path-1.2.0.tgz#5331a430629700012203efeee3572270b280e525"
  integrity sha512-nUFMGHmZIUiat6YcX82SIUf7NRzYFCVw8UZSfH0XcUm+BF6+i8POj9C1idMj4OPTgc6ZtGhElDCS0ovphJXGaw==
  dependencies:
    blueimp-md5 "^2.10.0"
